
Microsoft Visual Studio Solution File, Format Version 12.00
# Visual Studio Version 16
VisualStudioVersion = 16.0.31729.503
MinimumVisualStudioVersion = 10.0.40219.1
Project("{FAE04EC0-301F-11D3-BF4B-00C04F79EFBC}") = "Console-game", "Console-game.csproj", "{B73D6BD1-F071-4360-823B-23B81EF63779}"
EndProject
Global
	GlobalSection(SolutionConfigurationPlatforms) = preSolution
		Debug|Any CPU = Debug|Any CPU
		Release|Any CPU = Release|Any CPU
	EndGlobalSection
	GlobalSection(ProjectConfigurationPlatforms) = postSolution
		{B73D6BD1-F071-4360-823B-23B81EF63779}.Debug|Any CPU.ActiveCfg = Debug|Any CPU
		{B73D6BD1-F071-4360-823B-23B81EF63779}.Debug|Any CPU.Build.0 = Debug|Any CPU
		{B73D6BD1-F071-4360-823B-23B81EF63779}.Release|Any CPU.ActiveCfg = Release|Any CPU
		{B73D6BD1-F071-4360-823B-23B81EF63779}.Release|Any CPU.Build.0 = Release|Any CPU
	EndGlobalSection
	GlobalSection(SolutionProperties) = preSolution
		HideSolutionNode = FALSE
	EndGlobalSection
	GlobalSection(ExtensibilityGlobals) = postSolution
		SolutionGuid = {C9E2389F-7B6D-4F96-9939-774C846299E7}
	EndGlobalSection
EndGlobal
